
Microsoft Visual Studio Solution File, Format Version 12.00
# Visual Studio 15
VisualStudioVersion = 15.0.26730.12
MinimumVisualStudioVersion = 10.0.40219.1
Project("{FAE04EC0-301F-11D3-BF4B-00C04F79EFBC}") = "Oprum", "Oprum\Oprum.csproj", "{C251B9D7-370C-4B93-B575-53B7C888423D}"
EndProject
Global
	GlobalSection(SolutionConfigurationPlatforms) = preSolution
		Base|Any CPU = Base|Any CPU
		Debug|Any CPU = Debug|Any CPU
		Release|Any CPU = Release|Any CPU
	EndGlobalSection
	GlobalSection(ProjectConfigurationPlatforms) = postSolution
		{C251B9D7-370C-4B93-B575-53B7C888423D}.Base|Any CPU.ActiveCfg = Base|Any CPU
		{C251B9D7-370C-4B93-B575-53B7C888423D}.Base|Any CPU.Build.0 = Base|Any CPU
		{C251B9D7-370C-4B93-B575-53B7C888423D}.Debug|Any CPU.ActiveCfg = Debug|Any CPU
		{C251B9D7-370C-4B93-B575-53B7C888423D}.Debug|Any CPU.Build.0 = Debug|Any CPU
		{C251B9D7-370C-4B93-B575-53B7C888423D}.Release|Any CPU.ActiveCfg = Release|Any CPU
		{C251B9D7-370C-4B93-B575-53B7C888423D}.Release|Any CPU.Build.0 = Release|Any CPU
	EndGlobalSection
	GlobalSection(SolutionProperties) = preSolution
		HideSolutionNode = FALSE
	EndGlobalSection
	GlobalSection(ExtensibilityGlobals) = postSolution
		SolutionGuid = {144FC44C-907E-43AF-BCAC-1D8A78BB2E13}
	EndGlobalSection
EndGlobal
